
Microsoft Visual Studio Solution File, Format Version 12.00
# Visual Studio Version 16
VisualStudioVersion = 16.0.29613.14
MinimumVisualStudioVersion = 10.0.40219.1
Project("{FAE04EC0-301F-11D3-BF4B-00C04F79EFBC}") = "client.application", "client.application\client.application.csproj", "{3845571F-4310-4A9E-AF2C-641EA10AB41C}"
EndProject
Global
	GlobalSection(SolutionConfigurationPlatforms) = preSolution
		Debug|Any CPU = Debug|Any CPU
		Release|Any CPU = Release|Any CPU
	EndGlobalSection
	GlobalSection(ProjectConfigurationPlatforms) = postSolution
		{3845571F-4310-4A9E-AF2C-641EA10AB41C}.Debug|Any CPU.ActiveCfg = Debug|Any CPU
		{3845571F-4310-4A9E-AF2C-641EA10AB41C}.Debug|Any CPU.Build.0 = Debug|Any CPU
		{3845571F-4310-4A9E-AF2C-641EA10AB41C}.Release|Any CPU.ActiveCfg = Release|Any CPU
		{3845571F-4310-4A9E-AF2C-641EA10AB41C}.Release|Any CPU.Build.0 = Release|Any CPU
	EndGlobalSection
	GlobalSection(SolutionProperties) = preSolution
		HideSolutionNode = FALSE
	EndGlobalSection
	GlobalSection(ExtensibilityGlobals) = postSolution
		SolutionGuid = {031B5270-B07C-4C47-8572-00578FC68475}
	EndGlobalSection
EndGlobal
